dependencies:
- name: ingress-nginx
  repository: https://kubernetes.github.io/ingress-nginx
  version: 4.14.0
- name: cert-manager
  repository: https://charts.jetstack.io
  version: v1.19.0
- name: flux2
  repository: https://fluxcd-community.github.io/helm-charts
  version: 2.13.0
digest: sha256:db10e60bc61b9da5b0e116800cd70e0ac5196f03b8784dd75100cb85cb7cf747
generated: "2025-12-13T01:41:25.883843+01:00"
